
Microsoft Visual Studio Solution File, Format Version 12.00
# Visual Studio Version 17
VisualStudioVersion = 17.2.32616.157
MinimumVisualStudioVersion = 10.0.40219.1
Project("{FAE04EC0-301F-11D3-BF4B-00C04F79EFBC}") = "WebDev2", "WebDev2\WebDev2.csproj", "{F8471502-3D14-4220-8D23-56E81867C714}"
EndProject
Global
	GlobalSection(SolutionConfigurationPlatforms) = preSolution
		Debug|Any CPU = Debug|Any CPU
		Release|Any CPU = Release|Any CPU
	EndGlobalSection
	GlobalSection(ProjectConfigurationPlatforms) = postSolution
		{F8471502-3D14-4220-8D23-56E81867C714}.Debug|Any CPU.ActiveCfg = Debug|Any CPU
		{F8471502-3D14-4220-8D23-56E81867C714}.Debug|Any CPU.Build.0 = Debug|Any CPU
		{F8471502-3D14-4220-8D23-56E81867C714}.Release|Any CPU.ActiveCfg = Release|Any CPU
		{F8471502-3D14-4220-8D23-56E81867C714}.Release|Any CPU.Build.0 = Release|Any CPU
	EndGlobalSection
	GlobalSection(SolutionProperties) = preSolution
		HideSolutionNode = FALSE
	EndGlobalSection
	GlobalSection(ExtensibilityGlobals) = postSolution
		SolutionGuid = {E037E912-95DD-4F91-98E4-65833408C59F}
	EndGlobalSection
EndGlobal
